
Microsoft Visual Studio Solution File, Format Version 12.00
# Visual Studio 15
VisualStudioVersion = 15.0.25807.0
MinimumVisualStudioVersion = 10.0.40219.1
Project("{FAE04EC0-301F-11D3-BF4B-00C04F79EFBC}") = "IdmService", "IdmService\IdmService.csproj", "{40340646-2A83-487A-9856-C7D35C75D4D0}"
EndProject
Global
	GlobalSection(SolutionConfigurationPlatforms) = preSolution
		Debug|Any CPU = Debug|Any CPU
		Release|Any CPU = Release|Any CPU
	EndGlobalSection
	GlobalSection(ProjectConfigurationPlatforms) = postSolution
		{40340646-2A83-487A-9856-C7D35C75D4D0}.Debug|Any CPU.ActiveCfg = Debug|Any CPU
		{40340646-2A83-487A-9856-C7D35C75D4D0}.Debug|Any CPU.Build.0 = Debug|Any CPU
		{40340646-2A83-487A-9856-C7D35C75D4D0}.Release|Any CPU.ActiveCfg = Release|Any CPU
		{40340646-2A83-487A-9856-C7D35C75D4D0}.Release|Any CPU.Build.0 = Release|Any CPU
	EndGlobalSection
	GlobalSection(SolutionProperties) = preSolution
		HideSolutionNode = FALSE
	EndGlobalSection
EndGlobal
